{
  "lockfileVersion": 2,
  "configVersion": 1,
  "workspaces": {
    "": {
      "name": "reactor-effect-client-release-tools",
      "dependencies": {
        "@effect/platform-node": "4.0.0-rc.115",
        "@mannyc1/ts-release": "0.4.1",
        "@mannyc1/ts-release-npm": "0.4.1",
        "@sigstore/tuf": "5.0.0",
        "effect": "4.0.0-rc.115",
      },
    },
  },
  "overrides": {
    "@effect/platform-node-shared": "4.0.0-rc.115",
  },
  "packages": {
    "@effect/platform-node": ["@effect/platform-node@4.0.0-rc.115", "", { "dependencies": { "@effect/platform-node-shared": "^4.0.0-rc.115", "undici": "^8.10.2" }, "peerDependencies": { "effect": "^4.0.0-rc.115", "redis": ">=5.0.0 <7.0.0" } }, "sha512-mW03Wjq2FiTL5oi9yOkaKpCyUNBaduKgTk7qMHNELvC21Jq2qOAfdsfH+p+s2zmpB9w2RSa+ApODv4WjO9wQfw=="],

    "@effect/platform-node-shared": ["@effect/platform-node-shared@4.0.0-rc.115", "", { "dependencies": { "@types/ws": "^8.18.1", "ws": "^8.21.3" }, "peerDependencies": { "effect": "^4.0.0-rc.115" } }, "sha512-rcBwhDIfb82akJoTv7Vwh8K5x9vC/XfuePS7JjOr+z+dORXzsmKqI1BUQF27ARCN9fTAbDh7I6YvBlWhLjnqNg=="],

    "@gar/promise-retry": ["@gar/promise-retry@1.0.3", "", {}, "sha512-GmzA9ckNokPypTg10pgpeHNQe7ph+iIKKmhKu3Ob9ANkswreCx7R3cKmY781K8QK3AqVL3xVh9A42JvIAbkkSA=="],

    "@mannyc1/ts-release": ["@mannyc1/ts-release@0.4.1", "", { "dependencies": { "effect-build": "0.8.0", "undici": "8.10.1" }, "peerDependencies": { "@effect/platform-bun": ">=4.0.0-rc.115 <4.1.0-0", "@effect/platform-node": ">=4.0.0-rc.115 <4.1.0-0", "effect": ">=4.0.0-rc.115 <4.1.0-0", "effect-build-apple": "0.8.0" }, "optionalPeers": ["@effect/platform-bun", "@effect/platform-node", "effect-build-apple"], "bin": { "ts-release": "./dist/bin/ts-release.js" } }, "sha512-Dt4zpVNo2pttr8C+xSaTAHMvPySGEEcRl44leKiIeIhoW9udj+UIJArZi3e2TeXVUoHSvTVhTRNk42GzvKw1Yw=="],

    "@mannyc1/ts-release-npm": ["@mannyc1/ts-release-npm@0.4.1", "", { "dependencies": { "@sigstore/bundle": "5.0.0", "semver": "7.8.5", "sigstore": "5.0.0" }, "peerDependencies": { "@mannyc1/ts-release": ">=0.4.1 <0.5.0", "effect": ">=4.0.0-rc.115 <4.1.0-0" } }, "sha512-0RuNs4fxm854Y/HNblaM/lEmAAR07GlD286EK07DoLHMt3/Ba5h017fWZyPtb2VrXbg4iocvkMMUun4i1ffJzw=="],

    "@noble/hashes": ["@noble/hashes@2.4.0", "", {}, "sha512-X5XaVWZIBCT7HHZGm5I7ZQXDwLG+bGXuSrMQAW+7Zvl87h1kmc1ZB1VSRJcpUfoUrGQp4Fkoxm5kZ+Ms+aW+eA=="],

    "@npmcli/agent": ["@npmcli/agent@5.0.2", "", { "dependencies": { "agent-base": "^9.0.0", "http-proxy-agent": "^9.0.0", "https-proxy-agent": "^9.0.0", "lru-cache": "^11.2.1", "socks-proxy-agent": "^10.0.0" } }, "sha512-EkzGmEsgbQ1rqWkRJe2P0oQHx/ylZozDUNPMXCklLuSFL3GY+QyEfBUjhjCsgGXzh4OGpnHvkboSQgczjP/jJg=="],

    "@npmcli/fs": ["@npmcli/fs@6.0.0", "", { "dependencies": { "semver": "^7.3.5" } }, "sha512-AheOs4swKka/XLtht6xxJDPezlQ7K2IYQ9Y8lST4JLDjnralnWuMM9AE2CdVcgQJ5omrXhsRzM7F7aYmeZBvKQ=="],

    "@npmcli/redact": ["@npmcli/redact@5.0.0", "", {}, "sha512-3zcN5Q3yEmeyxXBzqB6fXPQFzYa2ROsGFSr69W0ArXIAGJqxl/aFECOVPD2kbkYPm0U/EHxFKgclK3UA9WQg5A=="],

    "@redis/bloom": ["@redis/bloom@6.2.1", "", { "peerDependencies": { "@redis/client": "^6.2.1" } }, "sha512-huQgNLaCIZfQ9SeLn4q9124uOUd8HbZDYHwwUzNcRgHqCHiHKl2dDxMqJCeWh8cMqZAoWuHR8XnWbDMIf+o7ag=="],

    "@redis/client": ["@redis/client@6.2.1", "", { "dependencies": { "cluster-key-slot": "1.1.2" }, "peerDependencies": { "@node-rs/xxhash": "^1.1.0", "@opentelemetry/api": ">=1 <2" }, "optionalPeers": ["@node-rs/xxhash", "@opentelemetry/api"] }, "sha512-LzxBY7SIBvvJiyCgcaJZZakE3fJrZZ++i24+EDW9fKpCl68D35uJcKFpZZwCfOoG9WZTbyZlMzMeM0gtOAMU9Q=="],

    "@redis/json": ["@redis/json@6.2.1", "", { "peerDependencies": { "@redis/client": "^6.2.1" } }, "sha512-AFIUJ8Gj0DaaSBHYuSt8+O0oYWM+50OK1c0OmodB7XERIA8+BbyV3O4v76f9iccWasd1/7qjfZTpuzexUaZtrQ=="],

    "@redis/search": ["@redis/search@6.2.1", "", { "peerDependencies": { "@redis/client": "^6.2.1" } }, "sha512-2vfOAOyYFE7UUw3sBBlkqqruBtOUS4HRY5MtW4hp83llrwvtrTE4r22CEqXddlV+54zkLxBE4nmsIJ/dpezQrQ=="],

    "@redis/time-series": ["@redis/time-series@6.2.1", "", { "peerDependencies": { "@redis/client": "^6.2.1" } }, "sha512-kiYniph04dJOole+L359B6C9E+jYS2uDP7hca6Onj0xF38ZIpyxARO0Iq0W4ZRn1e8Q6vqW00QFZVSMRA/2Ijw=="],

    "@sigstore/bundle": ["@sigstore/bundle@5.0.0", "", { "dependencies": { "@sigstore/protobuf-specs": "^0.5.0" } }, "sha512-wefjygudENbzbQMks1t5u34EP0fFoD0XvaEP7DOUP/sXKvogzEJYFw5E6pegGyp3onGWzVEYKVa3bNZWyTYX+A=="],

    "@sigstore/core": ["@sigstore/core@4.0.1", "", {}, "sha512-9v5hRjujn5NXq8o7XFEUgLyAtdr5Iisb4pzM05u3K61IS5q3hP3luWAndk0RkPPLTUFoTbg7Vb84UQ1ZQeajWQ=="],

    "@sigstore/protobuf-specs": ["@sigstore/protobuf-specs@0.5.2", "", {}, "sha512-SQqvFMt4V78fdjcDdYX6HbiVSOR4QK3ZgwCa2KOsopAgPIHy1rU5UDUmzLl02r5oyyaYcYHR1hpwDRk/yUe+Mw=="],

    "@sigstore/sign": ["@sigstore/sign@5.0.0", "", { "dependencies": { "@gar/promise-retry": "^1.0.2", "@sigstore/bundle": "^5.0.0", "@sigstore/core": "^4.0.0", "@sigstore/protobuf-specs": "^0.5.0", "make-fetch-happen": "^16.0.0", "proc-log": "^7.0.0" } }, "sha512-DSFivqz9/i5AkwZ5fq0YdjaJlc4o1WeS2Zffon0kqtChx0vy4W9NOjkEet9bF2vkzOufX72eVH8kZBIGtcBp1w=="],

    "@sigstore/tuf": ["@sigstore/tuf@5.0.0", "", { "dependencies": { "@sigstore/protobuf-specs": "^0.5.0", "tuf-js": "^6.0.0" } }, "sha512-Zyqg9tcHps3uRAlKHLNmsW4ohsUZAjb9G+31r7lg0ICh/JOcadzmJsIRdjKljlRHpaR0K4aJ2kXXIdywdcdMlA=="],

    "@sigstore/verify": ["@sigstore/verify@4.1.2", "", { "dependencies": { "@sigstore/bundle": "^5.0.0", "@sigstore/core": "^4.0.1", "@sigstore/protobuf-specs": "^0.5.0" } }, "sha512-BfD9eLrz3A/DG58aSgfgZYmIR6V9Yw96QVN/frtu2bEH7ctSTk2TDvHU12un3JsDPBTqTNkqkIkucjxljpOFqQ=="],

    "@tufjs/canonical-json": ["@tufjs/canonical-json@2.0.0", "", {}, "sha512-yVtV8zsdo8qFHe+/3kw81dSLyF7D576A5cCFCi4X7B39tWT7SekaEFUnvnWJHz+9qO7qJTah1JbrDjWKqFtdWA=="],

    "@tufjs/models": ["@tufjs/models@5.0.0", "", { "dependencies": { "@tufjs/canonical-json": "2.0.0", "minimatch": "^10.2.1" } }, "sha512-U4mVcdFGOi6pt8n38LdWZp67Svn7ppnU1Pj8SGOVaBi1X4gm+G4ztQlLfkoJbKSHfjA6WeaiJp2A4V83AJF6nQ=="],

    "@types/node": ["@types/node@26.6.2", "", { "dependencies": { "undici-types": "~8.9.0" } }, "sha512-X1P21scMv4zGKLYqjdGjaKa7COa0RKVYYZZN/NfvLQ1JegxFhdhpZG/Lyn8AXx6CDUavKAd11v6BvfpkDByK8g=="],

    "@types/ws": ["@types/ws@8.18.1", "", { "dependencies": { "@types/node": "*" } }, "sha512-ThVF6DCVhA8kUGy+aazFQ4kXQ7E1Ty7A3ypFOe0IcJV8O/M511G99AW24irKrW56Wt44yG9+ij8FaqoBGkuBXg=="],

    "agent-base": ["agent-base@9.0.0", "", {}, "sha512-TQf59BsZnytt8GdJKLPfUZ54g/iaUL2OWDSFCCvMOhsHduDQxO8xC4PNeyIkVcA5KwL2phPSv0douC0fgWzmnA=="],

    "balanced-match": ["balanced-match@4.0.4", "", {}, "sha512-BLrgEcRTwX2o6gGxGOCNyMvGSp35YofuYzw9h1IMTRmKqttAZZVU67bdb9Pr2vUHA8+j3i2tJfjO6C6+4myGTA=="],

    "brace-expansion": ["brace-expansion@5.0.12", "", { "dependencies": { "balanced-match": "^4.0.2" } }, "sha512-YovQ3rzhaLMIrDjNDMkNS01tea93qhEhG5xy8f6+R0l+dw3Ki+5sCoIoI942iuLZTHWogWktgwVDhU09iNEimQ=="],

    "cacache": ["cacache@21.0.1", "", { "dependencies": { "@npmcli/fs": "^6.0.0", "fs-minipass": "^3.0.0", "glob": "^13.0.0", "lru-cache": "^11.1.0", "minipass": "^7.0.3", "minipass-collect": "^2.0.1", "minipass-flush": "^1.0.5", "minipass-pipeline": "^1.2.4", "p-map": "^7.0.2", "ssri": "^14.0.0" } }, "sha512-pTwz/uj3Jyp6WXdJ6fWhR+7LVxVs6RyroQSn7KJwHsSxXuyGSp0pcMVcwSwTpCFq1X2YG8QBe0W+vN+cr0SwzA=="],

    "cluster-key-slot": ["cluster-key-slot@1.1.2", "", {}, "sha512-RMr0FhtfXemyinomL4hrWcYJxmX6deFdCxpJzhDttxgO1+bcCnkk+9drydLVDmAMG7NE6aN/fl4F7ucU/90gAA=="],

    "content-type": ["content-type@2.1.0", "", {}, "sha512-mj7UPXE0jaqaOsukNZRUEfEi2AcL7C/vwmwcHV0O97eO1E1pxBZuyjlZrx5seTaNBg1U6+o35wpa35Qfcc+7ag=="],

    "debug": ["debug@4.4.3", "", { "dependencies": { "ms": "^2.1.3" }, "peerDependencies": { "supports-color": "*" }, "optionalPeers": ["supports-color"] }, "sha512-RGwwWnwQvkVfavKVt22FGLw+xYSdzARwm0ru6DhTVA3umU5hZc28V3kO4stgYryrTlLpuvgI9GiijltAjNbcqA=="],

    "effect": ["effect@4.0.0-rc.115", "", {}, "sha512-ogYulZ5ffeOzrJqQrG0XOkDO5lKn2s9KNHhoxJy/6wKUkF0i12dlVXWA9TgsgQ+zV/JzizyG0+XMPepZEQX6vw=="],

    "effect-build": ["effect-build@0.8.0", "", { "dependencies": { "@noble/hashes": "2.4.0", "semver": "7.8.5" }, "peerDependencies": { "@effect/platform-node": ">=4.0.0-rc.113 <4.1.0-0", "effect": ">=4.0.0-rc.113 <4.1.0-0" }, "optionalPeers": ["@effect/platform-node"] }, "sha512-+55rRtXctHYzCxHXkqjJDQhtbswyOEU3D0KXldkiIzPRs+lopbcVC/KjcPhEJNEDxQxJSLVv8jMnoW9lePGpBQ=="],

    "fs-minipass": ["fs-minipass@3.0.3", "", { "dependencies": { "minipass": "^7.0.3" } }, "sha512-XUBA9XClHbnJWSfBzjkm6RvPsyg3sryZt06BEQoXcF7EK/xpGaQYJgQKDJSUH5SGZ76Y7pFx1QBnXz09rU5Fbw=="],

    "glob": ["glob@13.0.6", "", { "dependencies": { "minimatch": "^10.2.2", "minipass": "^7.1.3", "path-scurry": "^2.0.2" } }, "sha512-Wjlyrolmm8uDpm/ogGyXZXb1Z+Ca2B8NbJwqBVg0axK9GbBeoS7yGV6vjXnYdGm6X53iehEuxxbyiKp8QmN4Vw=="],

    "http-cache-semantics": ["http-cache-semantics@4.2.0", "", {}, "sha512-dTxcvPXqPvXBQpq5dUr6mEMJX4oIEFv6bwom3FDwKRDsuIjjJGANqhBuoAn9c1RQJIdAKav33ED65E2ys+87QQ=="],

    "http-proxy-agent": ["http-proxy-agent@9.1.0", "", { "dependencies": { "agent-base": "9.0.0", "debug": "^4.3.4", "proxy-agent-negotiate": "1.1.0" } }, "sha512-2NxoveTT58mjYT4n3RPTEfCZGLMbidoO8XEieXfpSYxu+PQJ1qpx4ypwH6N+uF9twBPIvRRgvkvW5HUTYWENig=="],

    "https-proxy-agent": ["https-proxy-agent@9.1.0", "", { "dependencies": { "agent-base": "9.0.0", "debug": "^4.3.4", "proxy-agent-negotiate": "1.1.0" } }, "sha512-ag87y7cJJ9/3+GxFr8Oy4O5faDsGRGnBGsJj/YjOSsSx/5eadKLYTMPlzuR6obgoCDDm0abAAZitXXQkMOPSpA=="],

    "iconv-lite": ["iconv-lite@0.7.3", "", { "dependencies": { "safer-buffer": ">= 2.1.2 < 3.0.0" } }, "sha512-IKXpvIzjnC9XTAUbVBcMfGS0EPaIXtW6v+zr+RRp+hqULEpo0owZax6wyRwPOJbWbzjYspQwusTsfVr0ifh4uQ=="],

    "ip-address": ["ip-address@10.7.2", "", {}, "sha512-7H/2gFSIitxc0hG3nOI1glS8QLo/EHBFFLk8vEUjXY/xu0AdL8jZ9U1IzO2PUm0d2D/ofQcAifb0g6OBkt8U7w=="],

    "lru-cache": ["lru-cache@11.5.3", "", {}, "sha512-U4N8FgzmWxc8k1VH8Kr6lQg18U7Fjvby6wXHVRX/ZZ7IwWbRMgrRbP0Wrb5q5NVinryp4SQampHKdvtecItxUg=="],

    "make-fetch-happen": ["make-fetch-happen@16.0.1", "", { "dependencies": { "@gar/promise-retry": "^1.0.0", "@npmcli/agent": "^5.0.0", "@npmcli/redact": "^5.0.0", "cacache": "^21.0.0", "http-cache-semantics": "^4.1.1", "minipass": "^7.0.2", "minipass-fetch": "^6.0.0", "minipass-flush": "^1.0.5", "minipass-pipeline": "^1.2.4", "negotiator": "^1.0.0", "proc-log": "^7.0.0", "ssri": "^14.0.0" } }, "sha512-uUv1yxHzaKVVEPfcFeGSNov/Cehjv08ovlY8ImTljgL7Q+SiA0dAYLQ6SYVa2kkKqNj4Y3aZEI7xv2teadie0A=="],

    "minimatch": ["minimatch@10.2.6", "", { "dependencies": { "brace-expansion": "^5.0.8" } }, "sha512-vpLQEs+VLCr1nU0BXS07maYoFwlDAH0gngQuuttxIwutDFEMHq2blX+8vpgxDdK3J1PwjCJiep77OitTZ4Ll1A=="],

    "minipass": ["minipass@7.1.3", "", {}, "sha512-tEBHqDnIoM/1rXME1zgka9g6Q2lcoCkxHLuc7ODJ5BxbP5d4c2Z5cGgtXAku59200Cx7diuHTOYfSBD8n6mm8A=="],

    "minipass-collect": ["minipass-collect@2.0.1", "", { "dependencies": { "minipass": "^7.0.3" } }, "sha512-D7V8PO9oaz7PWGLbCACuI1qEOsq7UKfLotx/C0Aet43fCUB/wfQ7DYeq2oR/svFJGYDHPr38SHATeaj/ZoKHKw=="],

    "minipass-fetch": ["minipass-fetch@6.0.0", "", { "dependencies": { "minipass": "^7.0.3", "minipass-sized": "^2.0.0", "minizlib": "^3.0.1" }, "optionalDependencies": { "iconv-lite": "^0.7.2" } }, "sha512-AWI8bKapGmgx/J0E6IGYSKj8TiHebZkmKWSs8raPSw8KXwgEAJ+Bw3+LSdXHR6T/RHKAWCOYk2MiLrYluaUU6w=="],

    "minipass-flush": ["minipass-flush@1.0.7", "", { "dependencies": { "minipass": "^3.0.0" } }, "sha512-TbqTz9cUwWyHS2Dy89P3ocAGUGxKjjLuR9z8w4WUTGAVgEj17/4nhgo2Du56i0Fm3Pm30g4iA8Lcqctc76jCzA=="],

    "minipass-pipeline": ["minipass-pipeline@1.2.4", "", { "dependencies": { "minipass": "^3.0.0" } }, "sha512-xuIq7cIOt09RPRJ19gdi4b+RiNvDFYe5JH+ggNvBqGqpQXcru3PcRmOZuHBKWK1Txf9+cQ+HMVN4d6z46LZP7A=="],

    "minipass-sized": ["minipass-sized@2.0.0", "", { "dependencies": { "minipass": "^7.1.2" } }, "sha512-zSsHhto5BcUVM2m1LurnXY6M//cGhVaegT71OfOXoprxT6o780GZd792ea6FfrQkuU4usHZIUczAQMRUE2plzA=="],

    "minizlib": ["minizlib@3.1.0", "", { "dependencies": { "minipass": "^7.1.2" } }, "sha512-KZxYo1BUkWD2TVFLr0MQoM8vUUigWD3LlD83a/75BqC+4qE0Hb1Vo5v1FgcfaNXvfXzr+5EhQ6ing/CaBijTlw=="],

    "ms": ["ms@2.1.3", "", {}, "sha512-6FlzubTLZG3J2a/NVCAleEhjzq5oxgHyaCU9yYXvcLsvoVaHJq/s5xXI6/XXP6tz7R9xAOtHnSO/tXtF3WRTlA=="],

    "negotiator": ["negotiator@1.1.0", "", { "dependencies": { "content-type": "^2.1.0" } }, "sha512-NMPBRMJgiQHjbd8phG3Vebdx4kZ1H121rbl5IkMqeOsahptB9BKo/d7oJ3zTXqTgagn2bWlNSXkh0QUGM31RYg=="],

    "p-map": ["p-map@7.0.8", "", {}, "sha512-MitaVsCuCFIvOLLPIU7NnfrZvS9H9h7kwMUkDo+T2pEISaJD48IV9S8iIdXB7PsvvdxyYcsSTTrr90XKsbulNw=="],

    "path-scurry": ["path-scurry@2.0.2", "", { "dependencies": { "lru-cache": "^11.0.0", "minipass": "^7.1.2" } }, "sha512-3O/iVVsJAPsOnpwWIeD+d6z/7PmqApyQePUtCndjatj/9I5LylHvt5qluFaBT3I5h3r1ejfR056c+FCv+NnNXg=="],

    "proc-log": ["proc-log@7.0.0", "", {}, "sha512-FYgfaA69XZ93zaXLoMNQ+ViDXGGBgR8aLh03txzcFhV+9xOXx7+8DLCULrKKpR9+GsH9ZfHm82aSUPpozX0Ztg=="],

    "proxy-agent-negotiate": ["proxy-agent-negotiate@1.1.0", "", { "peerDependencies": { "kerberos": "^2.0.0" }, "optionalPeers": ["kerberos"] }, "sha512-N8IBcM3UgCVzz2L2Lqv8DVntDnnC8/hiV4nEDUPkqq72TPUgYWjQc+bdZlBPZK9LzPAvOY//gAt0S0DApoOXWQ=="],

    "redis": ["redis@6.2.1", "", { "dependencies": { "@redis/bloom": "6.2.1", "@redis/client": "6.2.1", "@redis/json": "6.2.1", "@redis/search": "6.2.1", "@redis/time-series": "6.2.1" } }, "sha512-Z9VHtgYs48PiQC77X9O2Er8Hj4T+5BtFjT91/vi5Is1D04N72cA946ZslM1ImJw8ZctFBZWAVjM7S5wJNeHMpg=="],

    "safer-buffer": ["safer-buffer@2.1.2", "", {}, "sha512-YZo3K82SD7Riyi0E1EQPojLz7kpepnSQI9IyPbHHg1XXXevb5dJI7tpyN2ADxGcQbHG7vcyRHk0cbwqcQriUtg=="],

    "semver": ["semver@7.8.5", "", { "bin": { "semver": "bin/semver.js" } }, "sha512-Y7/KDsb8LjooZpwaqGyulO6DQlksgCncchHGk+sZIY4SBvUocMBEFH5Ur1fI4dV+Jvl0w6cjvucaIi40puRioA=="],

    "sigstore": ["sigstore@5.0.0", "", { "dependencies": { "@sigstore/bundle": "^5.0.0", "@sigstore/core": "^4.0.0", "@sigstore/protobuf-specs": "^0.5.0", "@sigstore/sign": "^5.0.0", "@sigstore/tuf": "^5.0.0", "@sigstore/verify": "^4.0.0" } }, "sha512-hJqJfoG/e4qFQaauQL00c6J6FrHLBGKtkFvW3JbTSIEFOhLrSjdSM/gWd/yUOfYo/gsERehTXGC1VZWX+9X4Dg=="],

    "smart-buffer": ["smart-buffer@4.2.0", "", {}, "sha512-94hK0Hh8rPqQl2xXc3HsaBoOXKV20MToPkcXvwbISWLEs+64sBq5kFgn2kJDHb1Pry9yrP0dxrCI9RRci7RXKg=="],

    "socks": ["socks@2.8.10", "", { "dependencies": { "ip-address": "^10.1.1", "smart-buffer": "^4.2.0" } }, "sha512-e0VyvkVTwVYViNovRkZ9aodhxVlyoMn7eJhVUPxZ+eK9P/7CBkxvvsBOHqFPEH416726W8tLXXXjKwqgTErrCQ=="],

    "socks-proxy-agent": ["socks-proxy-agent@10.1.0", "", { "dependencies": { "agent-base": "9.0.0", "debug": "^4.3.4", "socks": "^2.8.3" } }, "sha512-WlMj/67cEJ6MDI1OcsnjuYKDNDoyPCCYZ249kuuXPiMDw9F8PXkVaQ7YWu3siTydfQ/4BEZcvGzu+aYvz7dDCQ=="],

    "ssri": ["ssri@14.0.0", "", { "dependencies": { "minipass": "^7.0.3" } }, "sha512-jQxKI0yx0ZnTKrqjKkLDV2DXkBQn3k49JVmVqDGcDwKDtGDbImD/GXsq04KD0VVzCQQ9wZJYal3RwR1GzWTSow=="],

    "tuf-js": ["tuf-js@6.0.0", "", { "dependencies": { "@gar/promise-retry": "^1.0.3", "@tufjs/models": "5.0.0", "debug": "^4.4.3" } }, "sha512-zlJVOIO68hmgo1//X4ENEcTGfuOTAtDPi8PsTsG+FyxD85E/ww1ZnwBbWo/yCEExGpI+Kilg7Z3qCdHX2BoJTQ=="],

    "undici": ["undici@8.11.0", "", {}, "sha512-AdzuGcAkzhbha3GgCSoUBx2P0quwym6qdFNCQz/fDGZc8w9XJ741wHUbt2kTmfPz+ZIOMkySFkiY7RXmiDDC8w=="],

    "undici-types": ["undici-types@8.9.0", "", {}, "sha512-KTDyRTYX8sWmKXAikPHHSyc63CRPETMctyjKFupcC6OBLXT3xsN0e9aF7m+mIXutFWpUXuedtowG7iLOzp0kQg=="],

    "ws": ["ws@8.21.3", "", { "peerDependencies": { "bufferutil": "^4.0.1", "utf-8-validate": ">=5.0.2" }, "optionalPeers": ["bufferutil", "utf-8-validate"] }, "sha512-201TZ/kPWxoPr/OKWjquZR1SWKXcvxdH+e1xrx89b3YbmzLMFCLfnaG1HFIgWzJOEWZ7MvpK++odZufgYR50Rw=="],

    "yallist": ["yallist@4.0.0", "", {}, "sha512-3wdGidZyq5PB084XLES5TpOSRA3wjXAlIWMhum2kRcv/41Sn2emQ0dycQW4uZXLejwKvg6EsvbdlVL+FYEct7A=="],

    "@mannyc1/ts-release/undici": ["undici@8.10.1", "", {}, "sha512-YQ3WlbqjYMmNpdvDH64jAgLjxuAR9+649calDWhbshYaeQGO2bR4nI94ORJmwI3J9YhoKQnpyGOK+0zlWS5N5Q=="],

    "minipass-flush/minipass": ["minipass@3.3.6", "", { "dependencies": { "yallist": "^4.0.0" } }, "sha512-DxiNidxSEK+tHG6zOIklvNOwm3hvCrbUrdtzY74U6HKTJxvIDfOUL5W5P2Ghd3DTkhhKPYGqeNUIh5qcM4YBfw=="],

    "minipass-pipeline/minipass": ["minipass@3.3.6", "", { "dependencies": { "yallist": "^4.0.0" } }, "sha512-DxiNidxSEK+tHG6zOIklvNOwm3hvCrbUrdtzY74U6HKTJxvIDfOUL5W5P2Ghd3DTkhhKPYGqeNUIh5qcM4YBfw=="],
  }
}
